
Microsoft Visual Studio Solution File, Format Version 12.00
# Visual Studio Version 17
VisualStudioVersion = 17.7.34031.279
MinimumVisualStudioVersion = 10.0.40219.1
Project("{FAE04EC0-301F-11D3-BF4B-00C04F79EFBC}") = "FileCRCCalculation", "FileCRCCalculation\FileCRCCalculation.csproj", "{A08EF461-A106-4528-B6F1-0806B728399C}"
EndProject
Project("{FAE04EC0-301F-11D3-BF4B-00C04F79EFBC}") = "AsyncAwaitPitfalls", "AsyncAwaitPitfalls\AsyncAwaitPitfalls.csproj", "{53BC4135-436F-4CCC-9C73-03B333E0A269}"
EndProject
Project("{FAE04EC0-301F-11D3-BF4B-00C04F79EFBC}") = "TaskSchedulingAndUSBEventTest", "TaskSchedulingAndUSBEventTest\TaskSchedulingAndUSBEventTest.csproj", "{56ACEAD7-889A-411E-AF15-F7C6F19AA465}"
EndProject
Project("{FAE04EC0-301F-11D3-BF4B-00C04F79EFBC}") = "AsyncAwaitExample", "AsyncAwaitExample\AsyncAwaitExample.csproj", "{2191E35E-7D1F-4BFF-A29A-9155B0B4FFCA}"
EndProject
Project("{FAE04EC0-301F-11D3-BF4B-00C04F79EFBC}") = "TaskCompleteSourceExample", "TaskCompleteSourceExample\TaskCompleteSourceExample.csproj", "{11FD02BA-093C-493E-8B91-A897463EDE67}"
EndProject
Project("{FAE04EC0-301F-11D3-BF4B-00C04F79EFBC}") = "TaskExamples", "TaskExamples\TaskExamples.csproj", "{E988C5CE-E10A-4061-ACA9-99569D246FB2}"
EndProject
Project("{FAE04EC0-301F-11D3-BF4B-00C04F79EFBC}") = "streamWriterFileStreamConsoleToFile", "streamWriterConsoleToFile\streamWriterFileStreamConsoleToFile.csproj", "{6F7EC535-0368-4989-8247-15B2DF22A869}"
EndProject
Project("{FAE04EC0-301F-11D3-BF4B-00C04F79EFBC}") = "LoggingWithDisposeCall", "LoggingWithDisposeCall\LoggingWithDisposeCall.csproj", "{13072BAA-F65D-49B5-A941-6D68B2E68385}"
EndProject
Project("{FAE04EC0-301F-11D3-BF4B-00C04F79EFBC}") = "TasksWithinTasks", "TaskWithinTasks\TasksWithinTasks.csproj", "{155141F1-DD83-435F-99E2-ED0A0BF10C57}"
EndProject
Project("{FAE04EC0-301F-11D3-BF4B-00C04F79EFBC}") = "AsyncWebDownload", "AsyncWebDownload\AsyncWebDownload.csproj", "{14FE9A43-1A16-4CC4-9EF5-8F0E22EBB8C0}"
EndProject
Project("{FAE04EC0-301F-11D3-BF4B-00C04F79EFBC}") = "MorseCodeGenerator", "MorseCodeGenerator\MorseCodeGenerator.csproj", "{E465AF63-B1F5-43C3-B9CC-ADAE39BA63CD}"
EndProject
Project("{FAE04EC0-301F-11D3-BF4B-00C04F79EFBC}") = "CSVFileReader", "CSVFileReader\CSVFileReader.csproj", "{D0216AF7-239E-412D-8676-965998883899}"
EndProject
Project("{FAE04EC0-301F-11D3-BF4B-00C04F79EFBC}") = "RandomNumberGen", "RandomNumberGen\RandomNumberGen.csproj", "{2B60D98B-2D68-4865-A9EF-EC19A71C16EC}"
EndProject
Project("{FAE04EC0-301F-11D3-BF4B-00C04F79EFBC}") = "USBDeviceDetect", "USBDeviceDetect\USBDeviceDetect.csproj", "{3F987B59-F650-4011-87FD-EAAB2965AAD7}"
EndProject
Project("{FAE04EC0-301F-11D3-BF4B-00C04F79EFBC}") = "CMDLineBatchFileRun", "CMDLineBatchFileRun\CMDLineBatchFileRun.csproj", "{D3D9892D-5334-47B0-8438-1036C86961E3}"
EndProject
Project("{FAE04EC0-301F-11D3-BF4B-00C04F79EFBC}") = "ClassInheritance", "ClassInheritance\ClassInheritance.csproj", "{135A1AC4-9375-4FF0-8F5B-DC7E024F7D8A}"
EndProject
Project("{FAE04EC0-301F-11D3-BF4B-00C04F79EFBC}") = "crc16", "crc16\crc16.csproj", "{66268EAE-CED6-4A33-BCEC-8D7B501D82B8}"
EndProject
Project("{FAE04EC0-301F-11D3-BF4B-00C04F79EFBC}") = "WindowsSerialPorts", "WindowsSerialPorts\WindowsSerialPorts.csproj", "{72282027-7460-46A5-9473-427CC36D2B75}"
EndProject
Global
	GlobalSection(SolutionConfigurationPlatforms) = preSolution
		Debug|Any CPU = Debug|Any CPU
		Release|Any CPU = Release|Any CPU
	EndGlobalSection
	GlobalSection(ProjectConfigurationPlatforms) = postSolution
		{A08EF461-A106-4528-B6F1-0806B728399C}.Debug|Any CPU.ActiveCfg = Debug|Any CPU
		{A08EF461-A106-4528-B6F1-0806B728399C}.Debug|Any CPU.Build.0 = Debug|Any CPU
		{A08EF461-A106-4528-B6F1-0806B728399C}.Release|Any CPU.ActiveCfg = Release|Any CPU
		{A08EF461-A106-4528-B6F1-0806B728399C}.Release|Any CPU.Build.0 = Release|Any CPU
		{53BC4135-436F-4CCC-9C73-03B333E0A269}.Debug|Any CPU.ActiveCfg = Debug|Any CPU
		{53BC4135-436F-4CCC-9C73-03B333E0A269}.Debug|Any CPU.Build.0 = Debug|Any CPU
		{53BC4135-436F-4CCC-9C73-03B333E0A269}.Release|Any CPU.ActiveCfg = Release|Any CPU
		{53BC4135-436F-4CCC-9C73-03B333E0A269}.Release|Any CPU.Build.0 = Release|Any CPU
		{56ACEAD7-889A-411E-AF15-F7C6F19AA465}.Debug|Any CPU.ActiveCfg = Debug|Any CPU
		{56ACEAD7-889A-411E-AF15-F7C6F19AA465}.Debug|Any CPU.Build.0 = Debug|Any CPU
		{56ACEAD7-889A-411E-AF15-F7C6F19AA465}.Release|Any CPU.ActiveCfg = Release|Any CPU
		{56ACEAD7-889A-411E-AF15-F7C6F19AA465}.Release|Any CPU.Build.0 = Release|Any CPU
		{2191E35E-7D1F-4BFF-A29A-9155B0B4FFCA}.Debug|Any CPU.ActiveCfg = Debug|Any CPU
		{2191E35E-7D1F-4BFF-A29A-9155B0B4FFCA}.Debug|Any CPU.Build.0 = Debug|Any CPU
		{2191E35E-7D1F-4BFF-A29A-9155B0B4FFCA}.Release|Any CPU.ActiveCfg = Release|Any CPU
		{2191E35E-7D1F-4BFF-A29A-9155B0B4FFCA}.Release|Any CPU.Build.0 = Release|Any CPU
		{11FD02BA-093C-493E-8B91-A897463EDE67}.Debug|Any CPU.ActiveCfg = Debug|Any CPU
		{11FD02BA-093C-493E-8B91-A897463EDE67}.Debug|Any CPU.Build.0 = Debug|Any CPU
		{11FD02BA-093C-493E-8B91-A897463EDE67}.Release|Any CPU.ActiveCfg = Release|Any CPU
		{11FD02BA-093C-493E-8B91-A897463EDE67}.Release|Any CPU.Build.0 = Release|Any CPU
		{E988C5CE-E10A-4061-ACA9-99569D246FB2}.Debug|Any CPU.ActiveCfg = Debug|Any CPU
		{E988C5CE-E10A-4061-ACA9-99569D246FB2}.Debug|Any CPU.Build.0 = Debug|Any CPU
		{E988C5CE-E10A-4061-ACA9-99569D246FB2}.Release|Any CPU.ActiveCfg = Release|Any CPU
		{E988C5CE-E10A-4061-ACA9-99569D246FB2}.Release|Any CPU.Build.0 = Release|Any CPU
		{6F7EC535-0368-4989-8247-15B2DF22A869}.Debug|Any CPU.ActiveCfg = Debug|Any CPU
		{6F7EC535-0368-4989-8247-15B2DF22A869}.Debug|Any CPU.Build.0 = Debug|Any CPU
		{6F7EC535-0368-4989-8247-15B2DF22A869}.Release|Any CPU.ActiveCfg = Release|Any CPU
		{6F7EC535-0368-4989-8247-15B2DF22A869}.Release|Any CPU.Build.0 = Release|Any CPU
		{13072BAA-F65D-49B5-A941-6D68B2E68385}.Debug|Any CPU.ActiveCfg = Debug|Any CPU
		{13072BAA-F65D-49B5-A941-6D68B2E68385}.Debug|Any CPU.Build.0 = Debug|Any CPU
		{13072BAA-F65D-49B5-A941-6D68B2E68385}.Release|Any CPU.ActiveCfg = Release|Any CPU
		{13072BAA-F65D-49B5-A941-6D68B2E68385}.Release|Any CPU.Build.0 = Release|Any CPU
		{155141F1-DD83-435F-99E2-ED0A0BF10C57}.Debug|Any CPU.ActiveCfg = Debug|Any CPU
		{155141F1-DD83-435F-99E2-ED0A0BF10C57}.Debug|Any CPU.Build.0 = Debug|Any CPU
		{155141F1-DD83-435F-99E2-ED0A0BF10C57}.Release|Any CPU.ActiveCfg = Release|Any CPU
		{155141F1-DD83-435F-99E2-ED0A0BF10C57}.Release|Any CPU.Build.0 = Release|Any CPU
		{14FE9A43-1A16-4CC4-9EF5-8F0E22EBB8C0}.Debug|Any CPU.ActiveCfg = Debug|Any CPU
		{14FE9A43-1A16-4CC4-9EF5-8F0E22EBB8C0}.Debug|Any CPU.Build.0 = Debug|Any CPU
		{14FE9A43-1A16-4CC4-9EF5-8F0E22EBB8C0}.Release|Any CPU.ActiveCfg = Release|Any CPU
		{14FE9A43-1A16-4CC4-9EF5-8F0E22EBB8C0}.Release|Any CPU.Build.0 = Release|Any CPU
		{E465AF63-B1F5-43C3-B9CC-ADAE39BA63CD}.Debug|Any CPU.ActiveCfg = Debug|Any CPU
		{E465AF63-B1F5-43C3-B9CC-ADAE39BA63CD}.Debug|Any CPU.Build.0 = Debug|Any CPU
		{E465AF63-B1F5-43C3-B9CC-ADAE39BA63CD}.Release|Any CPU.ActiveCfg = Release|Any CPU
		{E465AF63-B1F5-43C3-B9CC-ADAE39BA63CD}.Release|Any CPU.Build.0 = Release|Any CPU
		{D0216AF7-239E-412D-8676-965998883899}.Debug|Any CPU.ActiveCfg = Debug|Any CPU
		{D0216AF7-239E-412D-8676-965998883899}.Debug|Any CPU.Build.0 = Debug|Any CPU
		{D0216AF7-239E-412D-8676-965998883899}.Release|Any CPU.ActiveCfg = Release|Any CPU
		{D0216AF7-239E-412D-8676-965998883899}.Release|Any CPU.Build.0 = Release|Any CPU
		{2B60D98B-2D68-4865-A9EF-EC19A71C16EC}.Debug|Any CPU.ActiveCfg = Debug|Any CPU
		{2B60D98B-2D68-4865-A9EF-EC19A71C16EC}.Debug|Any CPU.Build.0 = Debug|Any CPU
		{2B60D98B-2D68-4865-A9EF-EC19A71C16EC}.Release|Any CPU.ActiveCfg = Release|Any CPU
		{2B60D98B-2D68-4865-A9EF-EC19A71C16EC}.Release|Any CPU.Build.0 = Release|Any CPU
		{3F987B59-F650-4011-87FD-EAAB2965AAD7}.Debug|Any CPU.ActiveCfg = Debug|Any CPU
		{3F987B59-F650-4011-87FD-EAAB2965AAD7}.Debug|Any CPU.Build.0 = Debug|Any CPU
		{3F987B59-F650-4011-87FD-EAAB2965AAD7}.Release|Any CPU.ActiveCfg = Release|Any CPU
		{3F987B59-F650-4011-87FD-EAAB2965AAD7}.Release|Any CPU.Build.0 = Release|Any CPU
		{D3D9892D-5334-47B0-8438-1036C86961E3}.Debug|Any CPU.ActiveCfg = Debug|Any CPU
		{D3D9892D-5334-47B0-8438-1036C86961E3}.Debug|Any CPU.Build.0 = Debug|Any CPU
		{D3D9892D-5334-47B0-8438-1036C86961E3}.Release|Any CPU.ActiveCfg = Release|Any CPU
		{D3D9892D-5334-47B0-8438-1036C86961E3}.Release|Any CPU.Build.0 = Release|Any CPU
		{135A1AC4-9375-4FF0-8F5B-DC7E024F7D8A}.Debug|Any CPU.ActiveCfg = Debug|Any CPU
		{135A1AC4-9375-4FF0-8F5B-DC7E024F7D8A}.Debug|Any CPU.Build.0 = Debug|Any CPU
		{135A1AC4-9375-4FF0-8F5B-DC7E024F7D8A}.Release|Any CPU.ActiveCfg = Release|Any CPU
		{135A1AC4-9375-4FF0-8F5B-DC7E024F7D8A}.Release|Any CPU.Build.0 = Release|Any CPU
		{66268EAE-CED6-4A33-BCEC-8D7B501D82B8}.Debug|Any CPU.ActiveCfg = Debug|Any CPU
		{66268EAE-CED6-4A33-BCEC-8D7B501D82B8}.Debug|Any CPU.Build.0 = Debug|Any CPU
		{66268EAE-CED6-4A33-BCEC-8D7B501D82B8}.Release|Any CPU.ActiveCfg = Release|Any CPU
		{66268EAE-CED6-4A33-BCEC-8D7B501D82B8}.Release|Any CPU.Build.0 = Release|Any CPU
		{72282027-7460-46A5-9473-427CC36D2B75}.Debug|Any CPU.ActiveCfg = Debug|Any CPU
		{72282027-7460-46A5-9473-427CC36D2B75}.Debug|Any CPU.Build.0 = Debug|Any CPU
		{72282027-7460-46A5-9473-427CC36D2B75}.Release|Any CPU.ActiveCfg = Release|Any CPU
		{72282027-7460-46A5-9473-427CC36D2B75}.Release|Any CPU.Build.0 = Release|Any CPU
	EndGlobalSection
	GlobalSection(SolutionProperties) = preSolution
		HideSolutionNode = FALSE
	EndGlobalSection
	GlobalSection(ExtensibilityGlobals) = postSolution
		SolutionGuid = {F33E7FA7-C196-48F4-86D3-5F3B32F4EB13}
	EndGlobalSection
EndGlobal
